// !$*UTF8*$!
{
	archiveVersion = 1;
	classes = {
	};
	objectVersion = 46;
	objects = {

/* Begin PBXBuildFile section */
		6C9CC5AA1D675C0A001A88C0 /* main.m in Sources */ = {isa = PBXBuildFile; fileRef = 6C9CC5A91D675C0A001A88C0 /* main.m */; };
		6C9CC5AD1D675C0A001A88C0 /* AppDelegate.m in Sources */ = {isa = PBXBuildFile; fileRef = 6C9CC5AC1D675C0A001A88C0 /* AppDelegate.m */; };
		6C9CC5B01D675C0A001A88C0 /* ViewController.m in Sources */ = {isa = PBXBuildFile; fileRef = 6C9CC5AF1D675C0A001A88C0 /* ViewController.m */; };
		6C9CC5B31D675C0A001A88C0 /* Main.storyboard in Resources */ = {isa = PBXBuildFile; fileRef = 6C9CC5B11D675C0A001A88C0 /* Main.storyboard */; };
		6C9CC5B51D675C0A001A88C0 /* Assets.xcassets in Resources */ = {isa = PBXBuildFile; fileRef = 6C9CC5B41D675C0A001A88C0 /* Assets.xcassets */; };
		6C9CC5B81D675C0A001A88C0 /* LaunchScreen.storyboard in Resources */ = {isa = PBXBuildFile; fileRef = 6C9CC5B61D675C0A001A88C0 /* LaunchScreen.storyboard */; };
		6C9CC5C31D675C0A001A88C0 /* DetectorTests.m in Sources */ = {isa = PBXBuildFile; fileRef = 6C9CC5C21D675C0A001A88C0 /* DetectorTests.m */; };
		6C9CC5CE1D675C0A001A88C0 /* DetectorUITests.m in Sources */ = {isa = PBXBuildFile; fileRef = 6C9CC5CD1D675C0A001A88C0 /* DetectorUITests.m */; };
/* End PBXBuildFile section */

/* Begin PBXContainerItemProxy section */
		6C9CC5BF1D675C0A001A88C0 /* PBXContainerItemProxy */ = {
			isa = PBXContainerItemProxy;
			containerPortal = 6C9CC59D1D675C0A001A88C0 /* Project object */;
			proxyType = 1;
			remoteGlobalIDString = 6C9CC5A41D675C0A001A88C0;
			remoteInfo = Detector;
		};
		6C9CC5CA1D675C0A001A88C0 /* PBXContainerItemProxy */ = {
			isa = PBXContainerItemProxy;
			containerPortal = 6C9CC59D1D675C0A001A88C0 /* Project object */;
			proxyType = 1;
			remoteGlobalIDString = 6C9CC5A41D675C0A001A88C0;
			remoteInfo = Detector;
		};
/* End PBXContainerItemProxy section */

/* Begin PBXFileReference section */
		6C9CC5A51D675C0A001A88C0 /* Detector.app */ = {isa = PBXFileReference; explicitFileType = wrapper.application; includeInIndex = 0; path = Detector.app; sourceTree = BUILT_PRODUCTS_DIR; };
		6C9CC5A91D675C0A001A88C0 /* main.m */ = {isa = PBXFileReference; lastKnownFileType = sourcecode.c.objc; path = main.m; sourceTree = "<group>"; };
		6C9CC5AB1D675C0A001A88C0 /* AppDelegate.h */ = {isa = PBXFileReference; lastKnownFileType = sourcecode.c.h; path = AppDelegate.h; sourceTree = "<group>"; };
		6C9CC5AC1D675C0A001A88C0 /* AppDelegate.m */ = {isa = PBXFileReference; lastKnownFileType = sourcecode.c.objc; path = AppDelegate.m; sourceTree = "<group>"; };
		6C9CC5AE1D675C0A001A88C0 /* ViewController.h */ = {isa = PBXFileReference; lastKnownFileType = sourcecode.c.h; path = ViewController.h; sourceTree = "<group>"; };
		6C9CC5AF1D675C0A001A88C0 /* ViewController.m */ = {isa = PBXFileReference; lastKnownFileType = sourcecode.c.objc; path = ViewController.m; sourceTree = "<group>"; };
		6C9CC5B21D675C0A001A88C0 /* Base */ = {isa = PBXFileReference; lastKnownFileType = file.storyboard; name = Base; path = Base.lproj/Main.storyboard; sourceTree = "<group>"; };
		6C9CC5B41D675C0A001A88C0 /* Assets.xcassets */ = {isa = PBXFileReference; lastKnownFileType = folder.assetcatalog; path = Assets.xcassets; sourceTree = "<group>"; };
		6C9CC5B71D675C0A001A88C0 /* Base */ = {isa = PBXFileReference; lastKnownFileType = file.storyboard; name = Base; path = Base.lproj/LaunchScreen.storyboard; sourceTree = "<group>"; };
		6C9CC5B91D675C0A001A88C0 /* Info.plist */ = {isa = PBXFileReference; lastKnownFileType = text.plist.xml; path = Info.plist; sourceTree = "<group>"; };
		6C9CC5BE1D675C0A001A88C0 /* DetectorTests.xctest */ = {isa = PBXFileReference; explicitFileType = wrapper.cfbundle; includeInIndex = 0; path = DetectorTests.xctest; sourceTree = BUILT_PRODUCTS_DIR; };
		6C9CC5C21D675C0A001A88C0 /* DetectorTests.m */ = {isa = PBXFileReference; lastKnownFileType = sourcecode.c.objc; path = DetectorTests.m; sourceTree = "<group>"; };
		6C9CC5C41D675C0A001A88C0 /* Info.plist */ = {isa = PBXFileReference; lastKnownFileType = text.plist.xml; path = Info.plist; sourceTree = "<group>"; };
		6C9CC5C91D675C0A001A88C0 /* DetectorUITests.xctest */ = {isa = PBXFileReference; explicitFileType = wrapper.cfbundle; includeInIndex = 0; path = DetectorUITests.xctest; sourceTree = BUILT_PRODUCTS_DIR; };
		6C9CC5CD1D675C0A001A88C0 /* DetectorUITests.m */ = {isa = PBXFileReference; lastKnownFileType = sourcecode.c.objc; path = DetectorUITests.m; sourceTree = "<group>"; };
		6C9CC5CF1D675C0A001A88C0 /* Info.plist */ = {isa = PBXFileReference; lastKnownFileType = text.plist.xml; path = Info.plist; sourceTree = "<group>"; };
/* End PBXFileReference section */

/* Begin PBXFrameworksBuildPhase section */
		6C9CC5A21D675C0A001A88C0 /* Frameworks */ = {
			isa = PBXFrameworksBuildPhase;
			buildActionMask = 2147483647;
			files = (
			);
			runOnlyForDeploymentPostprocessing = 0;
		};
		6C9CC5BB1D675C0A001A88C0 /* Frameworks */ = {
			isa = PBXFrameworksBuildPhase;
			buildActionMask = 2147483647;
			files = (
			);
			runOnlyForDeploymentPostprocessing = 0;
		};
		6C9CC5C61D675C0A001A88C0 /* Frameworks */ = {
			isa = PBXFrameworksBuildPhase;
			buildActionMask = 2147483647;
			files = (
			);
			runOnlyForDeploymentPostprocessing = 0;
		};
/* End PBXFrameworksBuildPhase section */

/* Begin PBXGroup section */
		6C9CC59C1D675C0A001A88C0 = {
			isa = PBXGroup;
			children = (
				6C9CC5A71D675C0A001A88C0 /* Detector */,
				6C9CC5C11D675C0A001A88C0 /* DetectorTests */,
				6C9CC5CC1D675C0A001A88C0 /* DetectorUITests */,
				6C9CC5A61D675C0A001A88C0 /* Products */,
			);
			sourceTree = "<group>";
		};
		6C9CC5A61D675C0A001A88C0 /* Products */ = {
			isa = PBXGroup;
			children = (
				6C9CC5A51D675C0A001A88C0 /* Detector.app */,
				6C9CC5BE1D675C0A001A88C0 /* DetectorTests.xctest */,
				6C9CC5C91D675C0A001A88C0 /* DetectorUITests.xctest */,
			);
			name = Products;
			sourceTree = "<group>";
		};
		6C9CC5A71D675C0A001A88C0 /* Detector */ = {
			isa = PBXGroup;
			children = (
				6C9CC5AB1D675C0A001A88C0 /* AppDelegate.h */,
				6C9CC5AC1D675C0A001A88C0 /* AppDelegate.m */,
				6C9CC5AE1D675C0A001A88C0 /* ViewController.h */,
				6C9CC5AF1D675C0A001A88C0 /* ViewController.m */,
				6C9CC5B11D675C0A001A88C0 /* Main.storyboard */,
				6C9CC5B41D675C0A001A88C0 /* Assets.xcassets */,
				6C9CC5B61D675C0A001A88C0 /* LaunchScreen.storyboard */,
				6C9CC5B91D675C0A001A88C0 /* Info.plist */,
				6C9CC5A81D675C0A001A88C0 /* Supporting Files */,
			);
			path = Detector;
			sourceTree = "<group>";
		};
		6C9CC5A81D675C0A001A88C0 /* Supporting Files */ = {
			isa = PBXGroup;
			children = (
				6C9CC5A91D675C0A001A88C0 /* main.m */,
			);
			name = "Supporting Files";
			sourceTree = "<group>";
		};
		6C9CC5C11D675C0A001A88C0 /* DetectorTests */ = {
			isa = PBXGroup;
			children = (
				6C9CC5C21D675C0A001A88C0 /* DetectorTests.m */,
				6C9CC5C41D675C0A001A88C0 /* Info.plist */,
			);
			path = DetectorTests;
			sourceTree = "<group>";
		};
		6C9CC5CC1D675C0A001A88C0 /* DetectorUITests */ = {
			isa = PBXGroup;
			children = (
				6C9CC5CD1D675C0A001A88C0 /* DetectorUITests.m */,
				6C9CC5CF1D675C0A001A88C0 /* Info.plist */,
			);
			path = DetectorUITests;
			sourceTree = "<group>";
		};
/* End PBXGroup section */

/* Begin PBXNativeTarget section */
		6C9CC5A41D675C0A001A88C0 /* Detector */ = {
			isa = PBXNativeTarget;
			buildConfigurationList = 6C9CC5D21D675C0A001A88C0 /* Build configuration list for PBXNativeTarget "Detector" */;
			buildPhases = (
				6C9CC5A11D675C0A001A88C0 /* Sources */,
				6C9CC5A21D675C0A001A88C0 /* Frameworks */,
				6C9CC5A31D675C0A001A88C0 /* Resources */,
			);
			buildRules = (
			);
			dependencies = (
			);
			name = Detector;
			productName = Detector;
			productReference = 6C9CC5A51D675C0A001A88C0 /* Detector.app */;
			productType = "com.apple.product-type.application";
		};
		6C9CC5BD1D675C0A001A88C0 /* DetectorTests */ = {
			isa = PBXNativeTarget;
			buildConfigurationList = 6C9CC5D51D675C0A001A88C0 /* Build configuration list for PBXNativeTarget "DetectorTests" */;
			buildPhases = (
				6C9CC5BA1D675C0A001A88C0 /* Sources */,
				6C9CC5BB1D675C0A001A88C0 /* Frameworks */,
				6C9CC5BC1D675C0A001A88C0 /* Resources */,
			);
			buildRules = (
			);
			dependencies = (
				6C9CC5C01D675C0A001A88C0 /* PBXTargetDependency */,
			);
			name = DetectorTests;
			productName = DetectorTests;
			productReference = 6C9CC5BE1D675C0A001A88C0 /* DetectorTests.xctest */;
			productType = "com.apple.product-type.bundle.unit-test";
		};
		6C9CC5C81D675C0A001A88C0 /* DetectorUITests */ = {
			isa = PBXNativeTarget;
			buildConfigurationList = 6C9CC5D81D675C0A001A88C0 /* Build configuration list for PBXNativeTarget "DetectorUITests" */;
			buildPhases = (
				6C9CC5C51D675C0A001A88C0 /* Sources */,
				6C9CC5C61D675C0A001A88C0 /* Frameworks */,
				6C9CC5C71D675C0A001A88C0 /* Resources */,
			);
			buildRules = (
			);
			dependencies = (
				6C9CC5CB1D675C0A001A88C0 /* PBXTargetDependency */,
			);
			name = DetectorUITests;
			productName = DetectorUITests;
			productReference = 6C9CC5C91D675C0A001A88C0 /* DetectorUITests.xctest */;
			productType = "com.apple.product-type.bundle.ui-testing";
		};
/* End PBXNativeTarget section */

/* Begin PBXProject section */
		6C9CC59D1D675C0A001A88C0 /* Project object */ = {
			isa = PBXProject;
			attributes = {
				LastUpgradeCheck = 0730;
				ORGANIZATIONNAME = DiannaWong;
				TargetAttributes = {
					6C9CC5A41D675C0A001A88C0 = {
						CreatedOnToolsVersion = 7.3.1;
						DevelopmentTeam = 874F9M3DBG;
					};
					6C9CC5BD1D675C0A001A88C0 = {
						CreatedOnToolsVersion = 7.3.1;
						DevelopmentTeam = 874F9M3DBG;
						TestTargetID = 6C9CC5A41D675C0A001A88C0;
					};
					6C9CC5C81D675C0A001A88C0 = {
						CreatedOnToolsVersion = 7.3.1;
						DevelopmentTeam = 874F9M3DBG;
						TestTargetID = 6C9CC5A41D675C0A001A88C0;
					};
				};
			};
			buildConfigurationList = 6C9CC5A01D675C0A001A88C0 /* Build configuration list for PBXProject "Detector" */;
			compatibilityVersion = "Xcode 3.2";
			developmentRegion = English;
			hasScannedForEncodings = 0;
			knownRegions = (
				en,
				Base,
			);
			mainGroup = 6C9CC59C1D675C0A001A88C0;
			productRefGroup = 6C9CC5A61D675C0A001A88C0 /* Products */;
			projectDirPath = "";
			projectRoot = "";
			targets = (
				6C9CC5A41D675C0A001A88C0 /* Detector */,
				6C9CC5BD1D675C0A001A88C0 /* DetectorTests */,
				6C9CC5C81D675C0A001A88C0 /* DetectorUITests */,
			);
		};
/* End PBXProject section */

/* Begin PBXResourcesBuildPhase section */
		6C9CC5A31D675C0A001A88C0 /* Resources */ = {
			isa = PBXResourcesBuildPhase;
			buildActionMask = 2147483647;
			files = (
				6C9CC5B81D675C0A001A88C0 /* LaunchScreen.storyboard in Resources */,
				6C9CC5B51D675C0A001A88C0 /* Assets.xcassets in Resources */,
				6C9CC5B31D675C0A001A88C0 /* Main.storyboard in Resources */,
			);
			runOnlyForDeploymentPostprocessing = 0;
		};
		6C9CC5BC1D675C0A001A88C0 /* Resources */ = {
			isa = PBXResourcesBuildPhase;
			buildActionMask = 2147483647;
			files = (
			);
			runOnlyForDeploymentPostprocessing = 0;
		};
		6C9CC5C71D675C0A001A88C0 /* Resources */ = {
			isa = PBXResourcesBuildPhase;
			buildActionMask = 2147483647;
			files = (
			);
			runOnlyForDeploymentPostprocessing = 0;
		};
/* End PBXResourcesBuildPhase section */

/* Begin PBXSourcesBuildPhase section */
		6C9CC5A11D675C0A001A88C0 /* Sources */ = {
			isa = PBXSourcesBuildPhase;
			buildActionMask = 2147483647;
			files = (
				6C9CC5B01D675C0A001A88C0 /* ViewController.m in Sources */,
				6C9CC5AD1D675C0A001A88C0 /* AppDelegate.m in Sources */,
				6C9CC5AA1D675C0A001A88C0 /* main.m in Sources */,
			);
			runOnlyForDeploymentPostprocessing = 0;
		};
		6C9CC5BA1D675C0A001A88C0 /* Sources */ = {
			isa = PBXSourcesBuildPhase;
			buildActionMask = 2147483647;
			files = (
				6C9CC5C31D675C0A001A88C0 /* DetectorTests.m in Sources */,
			);
			runOnlyForDeploymentPostprocessing = 0;
		};
		6C9CC5C51D675C0A001A88C0 /* Sources */ = {
			isa = PBXSourcesBuildPhase;
			buildActionMask = 2147483647;
			files = (
				6C9CC5CE1D675C0A001A88C0 /* DetectorUITests.m in Sources */,
			);
			runOnlyForDeploymentPostprocessing = 0;
		};
/* End PBXSourcesBuildPhase section */

/* Begin PBXTargetDependency section */
		6C9CC5C01D675C0A001A88C0 /* PBXTargetDependency */ = {
			isa = PBXTargetDependency;
			target = 6C9CC5A41D675C0A001A88C0 /* Detector */;
			targetProxy = 6C9CC5BF1D675C0A001A88C0 /* PBXContainerItemProxy */;
		};
		6C9CC5CB1D675C0A001A88C0 /* PBXTargetDependency */ = {
			isa = PBXTargetDependency;
			target = 6C9CC5A41D675C0A001A88C0 /* Detector */;
			targetProxy = 6C9CC5CA1D675C0A001A88C0 /* PBXContainerItemProxy */;
		};
/* End PBXTargetDependency section */

/* Begin PBXVariantGroup section */
		6C9CC5B11D675C0A001A88C0 /* Main.storyboard */ = {
			isa = PBXVariantGroup;
			children = (
				6C9CC5B21D675C0A001A88C0 /* Base */,
			);
			name = Main.storyboard;
			sourceTree = "<group>";
		};
		6C9CC5B61D675C0A001A88C0 /* LaunchScreen.storyboard */ = {
			isa = PBXVariantGroup;
			children = (
				6C9CC5B71D675C0A001A88C0 /* Base */,
			);
			name = LaunchScreen.storyboard;
			sourceTree = "<group>";
		};
/* End PBXVariantGroup section */

/* Begin XCBuildConfiguration section */
		6C9CC5D01D675C0A001A88C0 /* Debug */ = {
			isa = XCBuildConfiguration;
			buildSettings = {
				ALWAYS_SEARCH_USER_PATHS = NO;
				CLANG_ANALYZER_NONNULL = YES;
				CLANG_CXX_LANGUAGE_STANDARD = "gnu++0x";
				CLANG_CXX_LIBRARY = "libc++";
				CLANG_ENABLE_MODULES = YES;
				CLANG_ENABLE_OBJC_ARC = YES;
				CLANG_WARN_BOOL_CONVERSION = YES;
				CLANG_WARN_CONSTANT_CONVERSION = YES;
				CLANG_WARN_DIRECT_OBJC_ISA_USAGE = YES_ERROR;
				CLANG_WARN_EMPTY_BODY = YES;
				CLANG_WARN_ENUM_CONVERSION = YES;
				CLANG_WARN_INT_CONVERSION = YES;
				CLANG_WARN_OBJC_ROOT_CLASS = YES_ERROR;
				CLANG_WARN_UNREACHABLE_CODE = YES;
				CLANG_WARN__DUPLICATE_METHOD_MATCH = YES;
				"CODE_SIGN_IDENTITY[sdk=iphoneos*]" = "iPhone Developer";
				COPY_PHASE_STRIP = NO;
				DEBUG_INFORMATION_FORMAT = dwarf;
				ENABLE_STRICT_OBJC_MSGSEND = YES;
				ENABLE_TESTABILITY = YES;
				GCC_C_LANGUAGE_STANDARD = gnu99;
				GCC_DYNAMIC_NO_PIC = NO;
				GCC_NO_COMMON_BLOCKS = YES;
				GCC_OPTIMIZATION_LEVEL = 0;
				GCC_PREPROCESSOR_DEFINITIONS = (
					"DEBUG=1",
					"$(inherited)",
				);
				GCC_WARN_64_TO_32_BIT_CONVERSION = YES;
				GCC_WARN_ABOUT_RETURN_TYPE = YES_ERROR;
				GCC_WARN_UNDECLARED_SELECTOR = YES;
				GCC_WARN_UNINITIALIZED_AUTOS = YES_AGGRESSIVE;
				GCC_WARN_UNUSED_FUNCTION = YES;
				GCC_WARN_UNUSED_VARIABLE = YES;
				IPHONEOS_DEPLOYMENT_TARGET = 9.3;
				MTL_ENABLE_DEBUG_INFO = YES;
				ONLY_ACTIVE_ARCH = YES;
				SDKROOT = iphoneos;
			};
			name = Debug;
		};
		6C9CC5D11D675C0A001A88C0 /* Release */ = {
			isa = XCBuildConfiguration;
			buildSettings = {
				ALWAYS_SEARCH_USER_PATHS = NO;
				CLANG_ANALYZER_NONNULL = YES;
				CLANG_CXX_LANGUAGE_STANDARD = "gnu++0x";
				CLANG_CXX_LIBRARY = "libc++";
				CLANG_ENABLE_MODULES = YES;
				CLANG_ENABLE_OBJC_ARC = YES;
				CLANG_WARN_BOOL_CONVERSION = YES;
				CLANG_WARN_CONSTANT_CONVERSION = YES;
				CLANG_WARN_DIRECT_OBJC_ISA_USAGE = YES_ERROR;
				CLANG_WARN_EMPTY_BODY = YES;
				CLANG_WARN_ENUM_CONVERSION = YES;
				CLANG_WARN_INT_CONVERSION = YES;
				CLANG_WARN_OBJC_ROOT_CLASS = YES_ERROR;
				CLANG_WARN_UNREACHABLE_CODE = YES;
				CLANG_WARN__DUPLICATE_METHOD_MATCH = YES;
				"CODE_SIGN_IDENTITY[sdk=iphoneos*]" = "iPhone Developer";
				COPY_PHASE_STRIP = NO;
				DEBUG_INFORMATION_FORMAT = "dwarf-with-dsym";
				ENABLE_NS_ASSERTIONS = NO;
				ENABLE_STRICT_OBJC_MSGSEND = YES;
				GCC_C_LANGUAGE_STANDARD = gnu99;
				GCC_NO_COMMON_BLOCKS = YES;
				GCC_WARN_64_TO_32_BIT_CONVERSION = YES;
				GCC_WARN_ABOUT_RETURN_TYPE = YES_ERROR;
				GCC_WARN_UNDECLARED_SELECTOR = YES;
				GCC_WARN_UNINITIALIZED_AUTOS = YES_AGGRESSIVE;
				GCC_WARN_UNUSED_FUNCTION = YES;
				GCC_WARN_UNUSED_VARIABLE = YES;
				IPHONEOS_DEPLOYMENT_TARGET = 9.3;
				MTL_ENABLE_DEBUG_INFO = NO;
				SDKROOT = iphoneos;
				VALIDATE_PRODUCT = YES;
			};
			name = Release;
		};
		6C9CC5D31D675C0A001A88C0 /* Debug */ = {
			isa = XCBuildConfiguration;
			buildSettings = {
				ASSETCATALOG_COMPILER_APPICON_NAME = AppIcon;
				INFOPLIST_FILE = Detector/Info.plist;
				LD_RUNPATH_SEARCH_PATHS = "$(inherited) @executable_path/Frameworks";
				PRODUCT_BUNDLE_IDENTIFIER = com.DiannaWong.Detector;
				PRODUCT_NAME = "$(TARGET_NAME)";
			};
			name = Debug;
		};
		6C9CC5D41D675C0A001A88C0 /* Release */ = {
			isa = XCBuildConfiguration;
			buildSettings = {
				ASSETCATALOG_COMPILER_APPICON_NAME = AppIcon;
				INFOPLIST_FILE = Detector/Info.plist;
				LD_RUNPATH_SEARCH_PATHS = "$(inherited) @executable_path/Frameworks";
				PRODUCT_BUNDLE_IDENTIFIER = com.DiannaWong.Detector;
				PRODUCT_NAME = "$(TARGET_NAME)";
			};
			name = Release;
		};
		6C9CC5D61D675C0A001A88C0 /* Debug */ = {
			isa = XCBuildConfiguration;
			buildSettings = {
				BUNDLE_LOADER = "$(TEST_HOST)";
				INFOPLIST_FILE = DetectorTests/Info.plist;
				LD_RUNPATH_SEARCH_PATHS = "$(inherited) @executable_path/Frameworks @loader_path/Frameworks";
				PRODUCT_BUNDLE_IDENTIFIER = com.DiannaWong.DetectorTests;
				PRODUCT_NAME = "$(TARGET_NAME)";
				TEST_HOST = "$(BUILT_PRODUCTS_DIR)/Detector.app/Detector";
			};
			name = Debug;
		};
		6C9CC5D71D675C0A001A88C0 /* Release */ = {
			isa = XCBuildConfiguration;
			buildSettings = {
				BUNDLE_LOADER = "$(TEST_HOST)";
				INFOPLIST_FILE = DetectorTests/Info.plist;
				LD_RUNPATH_SEARCH_PATHS = "$(inherited) @executable_path/Frameworks @loader_path/Frameworks";
				PRODUCT_BUNDLE_IDENTIFIER = com.DiannaWong.DetectorTests;
				PRODUCT_NAME = "$(TARGET_NAME)";
				TEST_HOST = "$(BUILT_PRODUCTS_DIR)/Detector.app/Detector";
			};
			name = Release;
		};
		6C9CC5D91D675C0A001A88C0 /* Debug */ = {
			isa = XCBuildConfiguration;
			buildSettings = {
				INFOPLIST_FILE = DetectorUITests/Info.plist;
				LD_RUNPATH_SEARCH_PATHS = "$(inherited) @executable_path/Frameworks @loader_path/Frameworks";
				PRODUCT_BUNDLE_IDENTIFIER = com.DiannaWong.DetectorUITests;
				PRODUCT_NAME = "$(TARGET_NAME)";
				TEST_TARGET_NAME = Detector;
			};
			name = Debug;
		};
		6C9CC5DA1D675C0A001A88C0 /* Release */ = {
			isa = XCBuildConfiguration;
			buildSettings = {
				INFOPLIST_FILE = DetectorUITests/Info.plist;
				LD_RUNPATH_SEARCH_PATHS = "$(inherited) @executable_path/Frameworks @loader_path/Frameworks";
				PRODUCT_BUNDLE_IDENTIFIER = com.DiannaWong.DetectorUITests;
				PRODUCT_NAME = "$(TARGET_NAME)";
				TEST_TARGET_NAME = Detector;
			};
			name = Release;
		};
/* End XCBuildConfiguration section */

/* Begin XCConfigurationList section */
		6C9CC5A01D675C0A001A88C0 /* Build configuration list for PBXProject "Detector" */ = {
			isa = XCConfigurationList;
			buildConfigurations = (
				6C9CC5D01D675C0A001A88C0 /* Debug */,
				6C9CC5D11D675C0A001A88C0 /* Release */,
			);
			defaultConfigurationIsVisible = 0;
			defaultConfigurationName = Release;
		};
		6C9CC5D21D675C0A001A88C0 /* Build configuration list for PBXNativeTarget "Detector" */ = {
			isa = XCConfigurationList;
			buildConfigurations = (
				6C9CC5D31D675C0A001A88C0 /* Debug */,
				6C9CC5D41D675C0A001A88C0 /* Release */,
			);
			defaultConfigurationIsVisible = 0;
		};
		6C9CC5D51D675C0A001A88C0 /* Build configuration list for PBXNativeTarget "DetectorTests" */ = {
			isa = XCConfigurationList;
			buildConfigurations = (
				6C9CC5D61D675C0A001A88C0 /* Debug */,
				6C9CC5D71D675C0A001A88C0 /* Release */,
			);
			defaultConfigurationIsVisible = 0;
		};
		6C9CC5D81D675C0A001A88C0 /* Build configuration list for PBXNativeTarget "DetectorUITests" */ = {
			isa = XCConfigurationList;
			buildConfigurations = (
				6C9CC5D91D675C0A001A88C0 /* Debug */,
				6C9CC5DA1D675C0A001A88C0 /* Release */,
			);
			defaultConfigurationIsVisible = 0;
		};
/* End XCConfigurationList section */
	};
	rootObject = 6C9CC59D1D675C0A001A88C0 /* Project object */;
}
